Microsoft Visual Studio Solution File, Format Version 12.00
# Visual Studio Version 17
VisualStudioVersion = 17.5.2.0
MinimumVisualStudioVersion = 10.0.40219.1
Project("{FAE04EC0-301F-11D3-BF4B-00C04F79EFBC}") = "FirstCSharp", "FirstCSharp.csproj", "{7AC53D28-BDEE-F2C3-F965-2AC2F6807526}"
EndProject
Global
	GlobalSection(SolutionConfigurationPlatforms) = preSolution
		Debug|Any CPU = Debug|Any CPU
		Release|Any CPU = Release|Any CPU
	EndGlobalSection
	GlobalSection(ProjectConfigurationPlatforms) = postSolution
		{7AC53D28-BDEE-F2C3-F965-2AC2F6807526}.Debug|Any CPU.ActiveCfg = Debug|Any CPU
		{7AC53D28-BDEE-F2C3-F965-2AC2F6807526}.Debug|Any CPU.Build.0 = Debug|Any CPU
		{7AC53D28-BDEE-F2C3-F965-2AC2F6807526}.Release|Any CPU.ActiveCfg = Release|Any CPU
		{7AC53D28-BDEE-F2C3-F965-2AC2F6807526}.Release|Any CPU.Build.0 = Release|Any CPU
	EndGlobalSection
	GlobalSection(SolutionProperties) = preSolution
		HideSolutionNode = FALSE
	EndGlobalSection
	GlobalSection(ExtensibilityGlobals) = postSolution
		SolutionGuid = {6D526B7C-4E7E-457F-902D-E306D57D25A1}
	EndGlobalSection
EndGlobal
